{
  "name": "relay-handoff",
  "version": "0.1.0",
  "lockfileVersion": 3,
  "requires": true,
  "packages": {
    "": {
      "name": "relay-handoff",
      "version": "0.1.0",
      "dependencies": {
        "@sailresearch/sdk": "^0.9.0"
      },
      "bin": {
        "relay": "bin/relay.mjs",
        "relay-core": "bin/relay-core.mjs",
        "relay": "bin/relay.mjs"
      },
      "engines": {
        "node": ">=20"
      }
    },
    "node_modules/@sailresearch/sdk": {
      "version": "0.9.0",
      "resolved": "https://registry.npmjs.org/@sailresearch/sdk/-/sdk-0.9.0.tgz",
      "integrity": "sha512-PHWcHNwFzQrTORnbkNvRte7BkFscVxTa2Rlovz1OYL018oVgc/ktGLaKYyNMD9dE9/v6MAC8VNfOWKvt/pnB7g==",
      "license": "Apache-2.0",
      "dependencies": {
        "@types/node": "^22"
      },
      "engines": {
        "node": ">=22"
      },
      "optionalDependencies": {
        "@sailresearch/sdk-darwin-arm64": "0.9.0",
        "@sailresearch/sdk-darwin-x64": "0.9.0",
        "@sailresearch/sdk-linux-arm64-gnu": "0.9.0",
        "@sailresearch/sdk-linux-arm64-musl": "0.9.0",
        "@sailresearch/sdk-linux-x64-gnu": "0.9.0",
        "@sailresearch/sdk-linux-x64-musl": "0.9.0",
        "@sailresearch/sdk-win32-x64-msvc": "0.9.0"
      }
    },
    "node_modules/@sailresearch/sdk-darwin-arm64": {
      "version": "0.9.0",
      "resolved": "https://registry.npmjs.org/@sailresearch/sdk-darwin-arm64/-/sdk-darwin-arm64-0.9.0.tgz",
      "integrity": "sha512-2ZLG43+9JTxmIyt+E8xnyeUj2zN4oRy9VyblT5qpXlzCOB53WPm2ksDO05Ub5nRXUwnV+6n5PvK3F7cIms9cBQ==",
      "cpu": [
        "arm64"
      ],
      "license": "Apache-2.0",
      "optional": true,
      "os": [
        "darwin"
      ],
      "engines": {
        "node": ">=22"
      }
    },
    "node_modules/@sailresearch/sdk-darwin-x64": {
      "version": "0.9.0",
      "resolved": "https://registry.npmjs.org/@sailresearch/sdk-darwin-x64/-/sdk-darwin-x64-0.9.0.tgz",
      "integrity": "sha512-bfG0q8fgf6sd0xKw6Vc9B23EicK2izebD4/jSpqgipAe0PMY3AjSEeByjb0GtzNuishf13U3GYY6NgCm66jx9w==",
      "cpu": [
        "x64"
      ],
      "license": "Apache-2.0",
      "optional": true,
      "os": [
        "darwin"
      ],
      "engines": {
        "node": ">=22"
      }
    },
    "node_modules/@sailresearch/sdk-linux-arm64-gnu": {
      "version": "0.9.0",
      "resolved": "https://registry.npmjs.org/@sailresearch/sdk-linux-arm64-gnu/-/sdk-linux-arm64-gnu-0.9.0.tgz",
      "integrity": "sha512-VcMnipCUeB842kkMXhGR/Pxw0O1UXC2Z+4WtKk1d0I5k8prRmB2MCLkKW8VDQNenk2HxGCPj3yglvbuEV5n05A==",
      "cpu": [
        "arm64"
      ],
      "license": "Apache-2.0",
      "optional": true,
      "os": [
        "linux"
      ],
      "engines": {
        "node": ">=22"
      }
    },
    "node_modules/@sailresearch/sdk-linux-arm64-musl": {
      "version": "0.9.0",
      "resolved": "https://registry.npmjs.org/@sailresearch/sdk-linux-arm64-musl/-/sdk-linux-arm64-musl-0.9.0.tgz",
      "integrity": "sha512-9cg4ZKoAnODDKls8BjKE9XSST3fSq4Y/nx1OxpDXmpqygwg04Y//v7P7SS8X2a2K1k2fykfuAl5bnHfACTvwYQ==",
      "cpu": [
        "arm64"
      ],
      "license": "Apache-2.0",
      "optional": true,
      "os": [
        "linux"
      ],
      "engines": {
        "node": ">=22"
      }
    },
    "node_modules/@sailresearch/sdk-linux-x64-gnu": {
      "version": "0.9.0",
      "resolved": "https://registry.npmjs.org/@sailresearch/sdk-linux-x64-gnu/-/sdk-linux-x64-gnu-0.9.0.tgz",
      "integrity": "sha512-C3NXICjEBIX1W+trsMKxrTReNnZlgCetITPXP/qAXkeFHpQ0/oMl71MZ43oh1wnSjRgmjGwSZ+TGr8xIY5sxnA==",
      "cpu": [
        "x64"
      ],
      "license": "Apache-2.0",
      "optional": true,
      "os": [
        "linux"
      ],
      "engines": {
        "node": ">=22"
      }
    },
    "node_modules/@sailresearch/sdk-linux-x64-musl": {
      "version": "0.9.0",
      "resolved": "https://registry.npmjs.org/@sailresearch/sdk-linux-x64-musl/-/sdk-linux-x64-musl-0.9.0.tgz",
      "integrity": "sha512-niCirIQauJepD1mnG6T4Y6+xGpo82+41DMfALh09rjDndjmfyljFafMSmKO81jfGSXtC4sqOIYK7DmCRT/qJBg==",
      "cpu": [
        "x64"
      ],
      "license": "Apache-2.0",
      "optional": true,
      "os": [
        "linux"
      ],
      "engines": {
        "node": ">=22"
      }
    },
    "node_modules/@sailresearch/sdk-win32-x64-msvc": {
      "version": "0.9.0",
      "resolved": "https://registry.npmjs.org/@sailresearch/sdk-win32-x64-msvc/-/sdk-win32-x64-msvc-0.9.0.tgz",
      "integrity": "sha512-hcW6pVIm5LtbzncFKdWxnVshIIRzfqLU7pJHpJsaFY70LWH2cg8J+siT0UNJDxw2KxMaT5Bh8ij4x6cTJ7vvHQ==",
      "cpu": [
        "x64"
      ],
      "license": "Apache-2.0",
      "optional": true,
      "os": [
        "win32"
      ],
      "engines": {
        "node": ">=22"
      }
    },
    "node_modules/@types/node": {
      "version": "22.20.1",
      "resolved": "https://registry.npmjs.org/@types/node/-/node-22.20.1.tgz",
      "integrity": "sha512-EANqOCF9QFyra+4pfxUcX9STKJpCLjMbObVzljIJomAWSnuSIEAvyzEU53GaajbXJEgdh0iEcPL+DGvpUd4k1Q==",
      "license": "MIT",
      "dependencies": {
        "undici-types": "~6.21.0"
      }
    },
    "node_modules/undici-types": {
      "version": "6.21.0",
      "resolved": "https://registry.npmjs.org/undici-types/-/undici-types-6.21.0.tgz",
      "integrity": "sha512-iwDZqg0QAGrg9Rav5H4n0M64c3mkR59cJ6wQp+7C4nI0gsmExaedaYLNO44eT4AtBBwjbTiGPMlt2Md0T9H9JQ==",
      "license": "MIT"
    }
  }
}
